
Microsoft Visual Studio Solution File, Format Version 12.00
# Visual Studio 15
VisualStudioVersion = 15.0.28307.271
MinimumVisualStudioVersion = 10.0.40219.1
Project("{FAE04EC0-301F-11D3-BF4B-00C04F79EFBC}") = "FileClass", "FileClass\FileClass.csproj", "{539110B9-1C99-4933-8F40-5EEB59613552}"
EndProject
Project("{FAE04EC0-301F-11D3-BF4B-00C04F79EFBC}") = "lib", "lib\lib.csproj", "{43CCA87A-A392-4E44-800D-214BE9B04064}"
EndProject
Global
	GlobalSection(SolutionConfigurationPlatforms) = preSolution
		Debug|Any CPU = Debug|Any CPU
		Release|Any CPU = Release|Any CPU
	EndGlobalSection
	GlobalSection(ProjectConfigurationPlatforms) = postSolution
		{539110B9-1C99-4933-8F40-5EEB59613552}.Debug|Any CPU.ActiveCfg = Debug|Any CPU
		{539110B9-1C99-4933-8F40-5EEB59613552}.Debug|Any CPU.Build.0 = Debug|Any CPU
		{539110B9-1C99-4933-8F40-5EEB59613552}.Release|Any CPU.ActiveCfg = Release|Any CPU
		{539110B9-1C99-4933-8F40-5EEB59613552}.Release|Any CPU.Build.0 = Release|Any CPU
		{43CCA87A-A392-4E44-800D-214BE9B04064}.Debug|Any CPU.ActiveCfg = Debug|Any CPU
		{43CCA87A-A392-4E44-800D-214BE9B04064}.Debug|Any CPU.Build.0 = Debug|Any CPU
		{43CCA87A-A392-4E44-800D-214BE9B04064}.Release|Any CPU.ActiveCfg = Release|Any CPU
		{43CCA87A-A392-4E44-800D-214BE9B04064}.Release|Any CPU.Build.0 = Release|Any CPU
	EndGlobalSection
	GlobalSection(SolutionProperties) = preSolution
		HideSolutionNode = FALSE
	EndGlobalSection
	GlobalSection(ExtensibilityGlobals) = postSolution
		SolutionGuid = {E54A0483-3644-438C-BB3B-39CBA3A19584}
	EndGlobalSection
EndGlobal
